PODS:
  - Purchases (3.6.0-SNAPSHOT):
    - TPInAppReceipt
  - TPInAppReceipt (2.6)

DEPENDENCIES:
  - Purchases (from `../../`)

SPEC REPOS:
  trunk:
    - TPInAppReceipt

EXTERNAL SOURCES:
  Purchases:
    :path: "../../"

SPEC CHECKSUMS:
  Purchases: 51acc6e4f4860b2ab954cf0788d4b7f2734d183c
  TPInAppReceipt: 24335d4b3f9d032ff62ac7aed0ca7b6b780811cf

PODFILE CHECKSUM: 0b953383523796d33de4db49d07a5c6e3a56c27e

COCOAPODS: 1.9.3
